
Microsoft Visual Studio Solution File, Format Version 12.00
# Visual Studio Version 16
VisualStudioVersion = 16.0.32106.194
MinimumVisualStudioVersion = 10.0.40219.1
Project("{FAE04EC0-301F-11D3-BF4B-00C04F79EFBC}") = "Controller", "FileUploadController\Controller.csproj", "{549231AC-4DDE-4F02-8F15-095A8596957F}"
EndProject
Global
	GlobalSection(SolutionConfigurationPlatforms) = preSolution
		Debug|Any CPU = Debug|Any CPU
		Release|Any CPU = Release|Any CPU
	EndGlobalSection
	GlobalSection(ProjectConfigurationPlatforms) = postSolution
		{549231AC-4DDE-4F02-8F15-095A8596957F}.Debug|Any CPU.ActiveCfg = Debug|Any CPU
		{549231AC-4DDE-4F02-8F15-095A8596957F}.Debug|Any CPU.Build.0 = Debug|Any CPU
		{549231AC-4DDE-4F02-8F15-095A8596957F}.Release|Any CPU.ActiveCfg = Release|Any CPU
		{549231AC-4DDE-4F02-8F15-095A8596957F}.Release|Any CPU.Build.0 = Release|Any CPU
	EndGlobalSection
	GlobalSection(SolutionProperties) = preSolution
		HideSolutionNode = FALSE
	EndGlobalSection
	GlobalSection(ExtensibilityGlobals) = postSolution
		SolutionGuid = {2AD34FDD-3C8F-488B-B7DE-B0FC4DFA00F1}
	EndGlobalSection
EndGlobal
